
Microsoft Visual Studio Solution File, Format Version 12.00
# Visual Studio Version 17
VisualStudioVersion = 17.0.31903.59
MinimumVisualStudioVersion = 10.0.40219.1
Project("{2150E333-8FDC-42A3-9474-1A3956D46DE8}") = "src", "src", "{827E0CD3-B72D-47B6-A68D-7590B98EB39B}"
EndProject
Project("{FAE04EC0-301F-11D3-BF4B-00C04F79EFBC}") = "FinanceOS.Domain", "src\FinanceOS.Domain\FinanceOS.Domain.csproj", "{63480261-C840-4F47-BD10-A4171C9F7547}"
EndProject
Project("{FAE04EC0-301F-11D3-BF4B-00C04F79EFBC}") = "FinanceOS.Application", "src\FinanceOS.Application\FinanceOS.Application.csproj", "{B61297A4-5367-4C94-9D05-3CDDC779F534}"
EndProject
Project("{FAE04EC0-301F-11D3-BF4B-00C04F79EFBC}") = "FinanceOS.Infrastructure", "src\FinanceOS.Infrastructure\FinanceOS.Infrastructure.csproj", "{8C6D8C98-91AD-4382-846C-410B44C7EC28}"
EndProject
Project("{FAE04EC0-301F-11D3-BF4B-00C04F79EFBC}") = "FinanceOS.Api", "src\FinanceOS.Api\FinanceOS.Api.csproj", "{CF1CE29A-CF4B-44A0-B244-9775F5DC4FA6}"
EndProject
Project("{2150E333-8FDC-42A3-9474-1A3956D46DE8}") = "tests", "tests", "{0AB3BF05-4346-4AA6-1389-037BE0695223}"
EndProject
Project("{FAE04EC0-301F-11D3-BF4B-00C04F79EFBC}") = "FinanceOS.Domain.Tests", "tests\FinanceOS.Domain.Tests\FinanceOS.Domain.Tests.csproj", "{B0DF03FB-E371-47A5-A81E-620F52506E33}"
EndProject
Project("{FAE04EC0-301F-11D3-BF4B-00C04F79EFBC}") = "FinanceOS.Api.Tests", "tests\FinanceOS.Api.Tests\FinanceOS.Api.Tests.csproj", "{03F950D3-8CB6-49FD-89A5-75AA64176839}"
EndProject
Global
	GlobalSection(SolutionConfigurationPlatforms) = preSolution
		Debug|Any CPU = Debug|Any CPU
		Debug|x64 = Debug|x64
		Debug|x86 = Debug|x86
		Release|Any CPU = Release|Any CPU
		Release|x64 = Release|x64
		Release|x86 = Release|x86
	EndGlobalSection
	GlobalSection(ProjectConfigurationPlatforms) = postSolution
		{63480261-C840-4F47-BD10-A4171C9F7547}.Debug|Any CPU.ActiveCfg = Debug|Any CPU
		{63480261-C840-4F47-BD10-A4171C9F7547}.Debug|Any CPU.Build.0 = Debug|Any CPU
		{63480261-C840-4F47-BD10-A4171C9F7547}.Debug|x64.ActiveCfg = Debug|Any CPU
		{63480261-C840-4F47-BD10-A4171C9F7547}.Debug|x64.Build.0 = Debug|Any CPU
		{63480261-C840-4F47-BD10-A4171C9F7547}.Debug|x86.ActiveCfg = Debug|Any CPU
		{63480261-C840-4F47-BD10-A4171C9F7547}.Debug|x86.Build.0 = Debug|Any CPU
		{63480261-C840-4F47-BD10-A4171C9F7547}.Release|Any CPU.ActiveCfg = Release|Any CPU
		{63480261-C840-4F47-BD10-A4171C9F7547}.Release|Any CPU.Build.0 = Release|Any CPU
		{63480261-C840-4F47-BD10-A4171C9F7547}.Release|x64.ActiveCfg = Release|Any CPU
		{63480261-C840-4F47-BD10-A4171C9F7547}.Release|x64.Build.0 = Release|Any CPU
		{63480261-C840-4F47-BD10-A4171C9F7547}.Release|x86.ActiveCfg = Release|Any CPU
		{63480261-C840-4F47-BD10-A4171C9F7547}.Release|x86.Build.0 = Release|Any CPU
		{B61297A4-5367-4C94-9D05-3CDDC779F534}.Debug|Any CPU.ActiveCfg = Debug|Any CPU
		{B61297A4-5367-4C94-9D05-3CDDC779F534}.Debug|Any CPU.Build.0 = Debug|Any CPU
		{B61297A4-5367-4C94-9D05-3CDDC779F534}.Debug|x64.ActiveCfg = Debug|Any CPU
		{B61297A4-5367-4C94-9D05-3CDDC779F534}.Debug|x64.Build.0 = Debug|Any CPU
		{B61297A4-5367-4C94-9D05-3CDDC779F534}.Debug|x86.ActiveCfg = Debug|Any CPU
		{B61297A4-5367-4C94-9D05-3CDDC779F534}.Debug|x86.Build.0 = Debug|Any CPU
		{B61297A4-5367-4C94-9D05-3CDDC779F534}.Release|Any CPU.ActiveCfg = Release|Any CPU
		{B61297A4-5367-4C94-9D05-3CDDC779F534}.Release|Any CPU.Build.0 = Release|Any CPU
		{B61297A4-5367-4C94-9D05-3CDDC779F534}.Release|x64.ActiveCfg = Release|Any CPU
		{B61297A4-5367-4C94-9D05-3CDDC779F534}.Release|x64.Build.0 = Release|Any CPU
		{B61297A4-5367-4C94-9D05-3CDDC779F534}.Release|x86.ActiveCfg = Release|Any CPU
		{B61297A4-5367-4C94-9D05-3CDDC779F534}.Release|x86.Build.0 = Release|Any CPU
		{8C6D8C98-91AD-4382-846C-410B44C7EC28}.Debug|Any CPU.ActiveCfg = Debug|Any CPU
		{8C6D8C98-91AD-4382-846C-410B44C7EC28}.Debug|Any CPU.Build.0 = Debug|Any CPU
		{8C6D8C98-91AD-4382-846C-410B44C7EC28}.Debug|x64.ActiveCfg = Debug|Any CPU
		{8C6D8C98-91AD-4382-846C-410B44C7EC28}.Debug|x64.Build.0 = Debug|Any CPU
		{8C6D8C98-91AD-4382-846C-410B44C7EC28}.Debug|x86.ActiveCfg = Debug|Any CPU
		{8C6D8C98-91AD-4382-846C-410B44C7EC28}.Debug|x86.Build.0 = Debug|Any CPU
		{8C6D8C98-91AD-4382-846C-410B44C7EC28}.Release|Any CPU.ActiveCfg = Release|Any CPU
		{8C6D8C98-91AD-4382-846C-410B44C7EC28}.Release|Any CPU.Build.0 = Release|Any CPU
		{8C6D8C98-91AD-4382-846C-410B44C7EC28}.Release|x64.ActiveCfg = Release|Any CPU
		{8C6D8C98-91AD-4382-846C-410B44C7EC28}.Release|x64.Build.0 = Release|Any CPU
		{8C6D8C98-91AD-4382-846C-410B44C7EC28}.Release|x86.ActiveCfg = Release|Any CPU
		{8C6D8C98-91AD-4382-846C-410B44C7EC28}.Release|x86.Build.0 = Release|Any CPU
		{CF1CE29A-CF4B-44A0-B244-9775F5DC4FA6}.Debug|Any CPU.ActiveCfg = Debug|Any CPU
		{CF1CE29A-CF4B-44A0-B244-9775F5DC4FA6}.Debug|Any CPU.Build.0 = Debug|Any CPU
		{CF1CE29A-CF4B-44A0-B244-9775F5DC4FA6}.Debug|x64.ActiveCfg = Debug|Any CPU
		{CF1CE29A-CF4B-44A0-B244-9775F5DC4FA6}.Debug|x64.Build.0 = Debug|Any CPU
		{CF1CE29A-CF4B-44A0-B244-9775F5DC4FA6}.Debug|x86.ActiveCfg = Debug|Any CPU
		{CF1CE29A-CF4B-44A0-B244-9775F5DC4FA6}.Debug|x86.Build.0 = Debug|Any CPU
		{CF1CE29A-CF4B-44A0-B244-9775F5DC4FA6}.Release|Any CPU.ActiveCfg = Release|Any CPU
		{CF1CE29A-CF4B-44A0-B244-9775F5DC4FA6}.Release|Any CPU.Build.0 = Release|Any CPU
		{CF1CE29A-CF4B-44A0-B244-9775F5DC4FA6}.Release|x64.ActiveCfg = Release|Any CPU
		{CF1CE29A-CF4B-44A0-B244-9775F5DC4FA6}.Release|x64.Build.0 = Release|Any CPU
		{CF1CE29A-CF4B-44A0-B244-9775F5DC4FA6}.Release|x86.ActiveCfg = Release|Any CPU
		{CF1CE29A-CF4B-44A0-B244-9775F5DC4FA6}.Release|x86.Build.0 = Release|Any CPU
		{B0DF03FB-E371-47A5-A81E-620F52506E33}.Debug|Any CPU.ActiveCfg = Debug|Any CPU
		{B0DF03FB-E371-47A5-A81E-620F52506E33}.Debug|Any CPU.Build.0 = Debug|Any CPU
		{B0DF03FB-E371-47A5-A81E-620F52506E33}.Debug|x64.ActiveCfg = Debug|Any CPU
		{B0DF03FB-E371-47A5-A81E-620F52506E33}.Debug|x64.Build.0 = Debug|Any CPU
		{B0DF03FB-E371-47A5-A81E-620F52506E33}.Debug|x86.ActiveCfg = Debug|Any CPU
		{B0DF03FB-E371-47A5-A81E-620F52506E33}.Debug|x86.Build.0 = Debug|Any CPU
		{B0DF03FB-E371-47A5-A81E-620F52506E33}.Release|Any CPU.ActiveCfg = Release|Any CPU
		{B0DF03FB-E371-47A5-A81E-620F52506E33}.Release|Any CPU.Build.0 = Release|Any CPU
		{B0DF03FB-E371-47A5-A81E-620F52506E33}.Release|x64.ActiveCfg = Release|Any CPU
		{B0DF03FB-E371-47A5-A81E-620F52506E33}.Release|x64.Build.0 = Release|Any CPU
		{B0DF03FB-E371-47A5-A81E-620F52506E33}.Release|x86.ActiveCfg = Release|Any CPU
		{B0DF03FB-E371-47A5-A81E-620F52506E33}.Release|x86.Build.0 = Release|Any CPU
		{03F950D3-8CB6-49FD-89A5-75AA64176839}.Debug|Any CPU.ActiveCfg = Debug|Any CPU
		{03F950D3-8CB6-49FD-89A5-75AA64176839}.Debug|Any CPU.Build.0 = Debug|Any CPU
		{03F950D3-8CB6-49FD-89A5-75AA64176839}.Debug|x64.ActiveCfg = Debug|Any CPU
		{03F950D3-8CB6-49FD-89A5-75AA64176839}.Debug|x64.Build.0 = Debug|Any CPU
		{03F950D3-8CB6-49FD-89A5-75AA64176839}.Debug|x86.ActiveCfg = Debug|Any CPU
		{03F950D3-8CB6-49FD-89A5-75AA64176839}.Debug|x86.Build.0 = Debug|Any CPU
		{03F950D3-8CB6-49FD-89A5-75AA64176839}.Release|Any CPU.ActiveCfg = Release|Any CPU
		{03F950D3-8CB6-49FD-89A5-75AA64176839}.Release|Any CPU.Build.0 = Release|Any CPU
		{03F950D3-8CB6-49FD-89A5-75AA64176839}.Release|x64.ActiveCfg = Release|Any CPU
		{03F950D3-8CB6-49FD-89A5-75AA64176839}.Release|x64.Build.0 = Release|Any CPU
		{03F950D3-8CB6-49FD-89A5-75AA64176839}.Release|x86.ActiveCfg = Release|Any CPU
		{03F950D3-8CB6-49FD-89A5-75AA64176839}.Release|x86.Build.0 = Release|Any CPU
	EndGlobalSection
	GlobalSection(SolutionProperties) = preSolution
		HideSolutionNode = FALSE
	EndGlobalSection
	GlobalSection(NestedProjects) = preSolution
		{63480261-C840-4F47-BD10-A4171C9F7547} = {827E0CD3-B72D-47B6-A68D-7590B98EB39B}
		{B61297A4-5367-4C94-9D05-3CDDC779F534} = {827E0CD3-B72D-47B6-A68D-7590B98EB39B}
		{8C6D8C98-91AD-4382-846C-410B44C7EC28} = {827E0CD3-B72D-47B6-A68D-7590B98EB39B}
		{CF1CE29A-CF4B-44A0-B244-9775F5DC4FA6} = {827E0CD3-B72D-47B6-A68D-7590B98EB39B}
		{B0DF03FB-E371-47A5-A81E-620F52506E33} = {0AB3BF05-4346-4AA6-1389-037BE0695223}
		{03F950D3-8CB6-49FD-89A5-75AA64176839} = {0AB3BF05-4346-4AA6-1389-037BE0695223}
	EndGlobalSection
EndGlobal
